
Microsoft Visual Studio Solution File, Format Version 12.00
# Visual Studio Version 16
VisualStudioVersion = 16.0.30413.136
MinimumVisualStudioVersion = 10.0.40219.1
Project("{9A19103F-16F7-4668-BE54-9A1E7A4F7556}") = "Racebaan", "Racebaan.csproj", "{CDB7A048-A331-44AE-B1AA-72B1E10F9BE4}"
EndProject
Project("{9A19103F-16F7-4668-BE54-9A1E7A4F7556}") = "ControllerTest", "..\ControllerTest\ControllerTest.csproj", "{D9E7F3FF-673B-409A-A0C6-A8E1C26754F2}"
EndProject
Project("{9A19103F-16F7-4668-BE54-9A1E7A4F7556}") = "Controller", "..\Controller\Controller.csproj", "{9D2E4A48-5556-46B0-9B54-60960CF76D60}"
EndProject
Project("{9A19103F-16F7-4668-BE54-9A1E7A4F7556}") = "Model", "..\Model\Model.csproj", "{72B1F7F5-AD01-49AA-9C20-4555FDC1ACA1}"
EndProject
Project("{FAE04EC0-301F-11D3-BF4B-00C04F79EFBC}") = "Racebaan_Scherm", "..\Racebaan_Scherm\Racebaan_Scherm.csproj", "{C4EF4CF4-4F7E-4E3F-A810-FFFB0E300DBA}"
EndProject
Global
	GlobalSection(SolutionConfigurationPlatforms) = preSolution
		Debug|Any CPU = Debug|Any CPU
		Release|Any CPU = Release|Any CPU
	EndGlobalSection
	GlobalSection(ProjectConfigurationPlatforms) = postSolution
		{CDB7A048-A331-44AE-B1AA-72B1E10F9BE4}.Debug|Any CPU.ActiveCfg = Debug|Any CPU
		{CDB7A048-A331-44AE-B1AA-72B1E10F9BE4}.Debug|Any CPU.Build.0 = Debug|Any CPU
		{CDB7A048-A331-44AE-B1AA-72B1E10F9BE4}.Release|Any CPU.ActiveCfg = Release|Any CPU
		{CDB7A048-A331-44AE-B1AA-72B1E10F9BE4}.Release|Any CPU.Build.0 = Release|Any CPU
		{D9E7F3FF-673B-409A-A0C6-A8E1C26754F2}.Debug|Any CPU.ActiveCfg = Debug|Any CPU
		{D9E7F3FF-673B-409A-A0C6-A8E1C26754F2}.Debug|Any CPU.Build.0 = Debug|Any CPU
		{D9E7F3FF-673B-409A-A0C6-A8E1C26754F2}.Release|Any CPU.ActiveCfg = Release|Any CPU
		{D9E7F3FF-673B-409A-A0C6-A8E1C26754F2}.Release|Any CPU.Build.0 = Release|Any CPU
		{9D2E4A48-5556-46B0-9B54-60960CF76D60}.Debug|Any CPU.ActiveCfg = Debug|Any CPU
		{9D2E4A48-5556-46B0-9B54-60960CF76D60}.Debug|Any CPU.Build.0 = Debug|Any CPU
		{9D2E4A48-5556-46B0-9B54-60960CF76D60}.Release|Any CPU.ActiveCfg = Release|Any CPU
		{9D2E4A48-5556-46B0-9B54-60960CF76D60}.Release|Any CPU.Build.0 = Release|Any CPU
		{72B1F7F5-AD01-49AA-9C20-4555FDC1ACA1}.Debug|Any CPU.ActiveCfg = Debug|Any CPU
		{72B1F7F5-AD01-49AA-9C20-4555FDC1ACA1}.Debug|Any CPU.Build.0 = Debug|Any CPU
		{72B1F7F5-AD01-49AA-9C20-4555FDC1ACA1}.Release|Any CPU.ActiveCfg = Release|Any CPU
		{72B1F7F5-AD01-49AA-9C20-4555FDC1ACA1}.Release|Any CPU.Build.0 = Release|Any CPU
		{C4EF4CF4-4F7E-4E3F-A810-FFFB0E300DBA}.Debug|Any CPU.ActiveCfg = Debug|Any CPU
		{C4EF4CF4-4F7E-4E3F-A810-FFFB0E300DBA}.Debug|Any CPU.Build.0 = Debug|Any CPU
		{C4EF4CF4-4F7E-4E3F-A810-FFFB0E300DBA}.Release|Any CPU.ActiveCfg = Release|Any CPU
		{C4EF4CF4-4F7E-4E3F-A810-FFFB0E300DBA}.Release|Any CPU.Build.0 = Release|Any CPU
	EndGlobalSection
	GlobalSection(SolutionProperties) = preSolution
		HideSolutionNode = FALSE
	EndGlobalSection
	GlobalSection(ExtensibilityGlobals) = postSolution
		SolutionGuid = {0277824E-8B6E-4A5C-844A-E65B7A62D657}
	EndGlobalSection
EndGlobal
